{
  "name": "nova",
  "lockfileVersion": 3,
  "requires": true,
  "packages": {
    "": {
      "dependencies": {
        "@boxicons/core": "^1.0.6"
      }
    },
    "node_modules/@boxicons/core": {
      "version": "1.0.6",
      "resolved": "https://registry.npmjs.org/@boxicons/core/-/core-1.0.6.tgz",
      "integrity": "sha512-8MnGNMoF7g2QvsR3sY9PDN7k44xSxWApI5SkmMJe83HQtsAoXfF5sNAXuk4KfTpDEDwKFux/NE08yJ0Z1XygLQ==",
      "license": "MIT"
    }
  }
}
